PODS:
  - AppCenter (1.9.0):
    - AppCenter/Analytics (= 1.9.0)
    - AppCenter/Crashes (= 1.9.0)
  - AppCenter/Analytics (1.9.0):
    - AppCenter/Core
  - AppCenter/Core (1.9.0)
  - AppCenter/Crashes (1.9.0):
    - AppCenter/Core
  - AppCenter/Distribute (1.9.0):
    - AppCenter/Core
  - IQKeyboardManagerSwift (6.1.1)
  - Socket.IO-Client-Swift (13.3.0):
    - Starscream (~> 3.0.2)
  - Starscream (3.0.5)
  - SVProgressHUD (2.2.5)

DEPENDENCIES:
  - AppCenter (~> 1.0)
  - AppCenter/Distribute (~> 1.0)
  - IQKeyboardManagerSwift (~> 6.0)
  - Socket.IO-Client-Swift (~> 13.0)
  - SVProgressHUD (~> 2.0)

SPEC REPOS:
  https://github.com/cocoapods/specs.git:
    - AppCenter
    - IQKeyboardManagerSwift
    - Socket.IO-Client-Swift
    - Starscream
    - SVProgressHUD

SPEC CHECKSUMS:
  AppCenter: 3cf7b9387549e9703dab068793e404013e8c0cc1
  IQKeyboardManagerSwift: 977affaeb4d6e971975c7790a6850f31d38f1207
  Socket.IO-Client-Swift: 0afb192a562db90d50e3f7f7421c06925a3f0179
  Starscream: faf918b2f2eff7d5dd21180646bf015a669673bd
  SVProgressHUD: 1428aafac632c1f86f62aa4243ec12008d7a51d6

PODFILE CHECKSUM: e03aacd22e7a912cc1e426a17a96c8276e90ba17

COCOAPODS: 1.5.3
