PODS:
  - AppCenter (1.6.1):
    - AppCenter/Analytics (= 1.6.1)
    - AppCenter/Crashes (= 1.6.1)
  - AppCenter/Analytics (1.6.1):
    - AppCenter/Core
  - AppCenter/Core (1.6.1)
  - AppCenter/Crashes (1.6.1):
    - AppCenter/Core
  - AppCenter/Distribute (1.6.1):
    - AppCenter/Core
  - IQKeyboardManagerSwift (6.0.3)
  - Socket.IO-Client-Swift (13.2.0):
    - Starscream (~> 3.0.2)
  - Starscream (3.0.5)
  - SVProgressHUD (2.2.5)

DEPENDENCIES:
  - AppCenter (~> 1.0)
  - AppCenter/Distribute (~> 1.0)
  - IQKeyboardManagerSwift (~> 6.0)
  - Socket.IO-Client-Swift (~> 13.0)
  - SVProgressHUD (~> 2.0)

SPEC REPOS:
  https://github.com/cocoapods/specs.git:
    - AppCenter
    - IQKeyboardManagerSwift
    - Socket.IO-Client-Swift
    - Starscream
    - SVProgressHUD

SPEC CHECKSUMS:
  AppCenter: f9eb653a45cece34549232f295aec05260dfc24f
  IQKeyboardManagerSwift: 04e8679f85e496bb2c474eeb9284052f1b3c391c
  Socket.IO-Client-Swift: 4698ea9eb2955eecf7fdf06c487ff1597e4cd779
  Starscream: faf918b2f2eff7d5dd21180646bf015a669673bd
  SVProgressHUD: 1428aafac632c1f86f62aa4243ec12008d7a51d6

PODFILE CHECKSUM: e03aacd22e7a912cc1e426a17a96c8276e90ba17

COCOAPODS: 1.5.2
