// !$*UTF8*$!
{
	archiveVersion = 1;
	classes = {
	};
	objectVersion = 48;
	objects = {

/* Begin PBXBuildFile section */
		06568F12DCDAD726BE080379 /* Pods_Raise.framework in Frameworks */ = {isa = PBXBuildFile; fileRef = B989110197980C493A150A79 /* Pods_Raise.framework */; };
		9A009E5B20264A7400F0A4C6 /* Intro.storyboard in Resources */ = {isa = PBXBuildFile; fileRef = 9A009E5A20264A7400F0A4C6 /* Intro.storyboard */; };
		9A009E5F20264B2200F0A4C6 /* Variane Script.ttf in Resources */ = {isa = PBXBuildFile; fileRef = 9A009E5E20264B2200F0A4C6 /* Variane Script.ttf */; };
		9A009E6420265E2300F0A4C6 /* Create.storyboard in Resources */ = {isa = PBXBuildFile; fileRef = 9A009E6320265E2300F0A4C6 /* Create.storyboard */; };
		9A009E692026615800F0A4C6 /* Join.storyboard in Resources */ = {isa = PBXBuildFile; fileRef = 9A009E682026615800F0A4C6 /* Join.storyboard */; };
		9A009E6B202667F700F0A4C6 /* CreateViewController.swift in Sources */ = {isa = PBXBuildFile; fileRef = 9A009E6A202667F700F0A4C6 /* CreateViewController.swift */; };
		9A05B60A202148C7006F6428 /* AppDelegate.swift in Sources */ = {isa = PBXBuildFile; fileRef = 9A05B609202148C7006F6428 /* AppDelegate.swift */; };
		9A05B611202148C8006F6428 /* Assets.xcassets in Resources */ = {isa = PBXBuildFile; fileRef = 9A05B610202148C8006F6428 /* Assets.xcassets */; };
		9A05B614202148C8006F6428 /* LaunchScreen.storyboard in Resources */ = {isa = PBXBuildFile; fileRef = 9A05B612202148C8006F6428 /* LaunchScreen.storyboard */; };
		9A0C466A204E28090003E4CE /* PokerPlayerTableViewCell.swift in Sources */ = {isa = PBXBuildFile; fileRef = 9A0C4669204E28090003E4CE /* PokerPlayerTableViewCell.swift */; };
		9A0C466C204E2AA10003E4CE /* CardCollectionViewCell.swift in Sources */ = {isa = PBXBuildFile; fileRef = 9A0C466B204E2AA10003E4CE /* CardCollectionViewCell.swift */; };
		9A156E2F203B3958003EA982 /* JoinViewController.swift in Sources */ = {isa = PBXBuildFile; fileRef = 9A156E2E203B3958003EA982 /* JoinViewController.swift */; };
		9A1C54112041D94500EAF4ED /* Socket.swift in Sources */ = {isa = PBXBuildFile; fileRef = 9A1C54102041D94500EAF4ED /* Socket.swift */; };
		9A38940F204CE63B0049DC4D /* PokerViewController.swift in Sources */ = {isa = PBXBuildFile; fileRef = 9A38940E204CE63B0049DC4D /* PokerViewController.swift */; };
		9A389411204CE6420049DC4D /* Poker.storyboard in Resources */ = {isa = PBXBuildFile; fileRef = 9A389410204CE6420049DC4D /* Poker.storyboard */; };
		9A4E9DDF203CE636006E08D2 /* CreateRequest.swift in Sources */ = {isa = PBXBuildFile; fileRef = 9A4E9DDE203CE636006E08D2 /* CreateRequest.swift */; };
		9A4E9DE1203CE76C006E08D2 /* API.swift in Sources */ = {isa = PBXBuildFile; fileRef = 9A4E9DE0203CE76C006E08D2 /* API.swift */; };
		9A4E9DE4203CE99D006E08D2 /* GameResponse.swift in Sources */ = {isa = PBXBuildFile; fileRef = 9A4E9DE3203CE99D006E08D2 /* GameResponse.swift */; };
		9A4E9DE6203CE9D4006E08D2 /* DeckType.swift in Sources */ = {isa = PBXBuildFile; fileRef = 9A4E9DE5203CE9D4006E08D2 /* DeckType.swift */; };
		9A4E9DEB203CF45D006E08D2 /* UIViewControllerExtensions.swift in Sources */ = {isa = PBXBuildFile; fileRef = 9A4E9DEA203CF45D006E08D2 /* UIViewControllerExtensions.swift */; };
		9A4E9DEE203CF5AF006E08D2 /* GameDetails.storyboard in Resources */ = {isa = PBXBuildFile; fileRef = 9A4E9DED203CF5AF006E08D2 /* GameDetails.storyboard */; };
		9A4E9DF0203D011D006E08D2 /* GameDetailsViewController.swift in Sources */ = {isa = PBXBuildFile; fileRef = 9A4E9DEF203D011D006E08D2 /* GameDetailsViewController.swift */; };
		9A8016CA204CDE3A0021DAD2 /* JoinLeaveGameResponse.swift in Sources */ = {isa = PBXBuildFile; fileRef = 9A8016C9204CDE3A0021DAD2 /* JoinLeaveGameResponse.swift */; };
		9A8FECAB203F8B6F007CC898 /* QRCodeScannerViewController.swift in Sources */ = {isa = PBXBuildFile; fileRef = 9A8FECAA203F8B6F007CC898 /* QRCodeScannerViewController.swift */; };
		9A8FECAD203F953C007CC898 /* StringExtensions.swift in Sources */ = {isa = PBXBuildFile; fileRef = 9A8FECAC203F953C007CC898 /* StringExtensions.swift */; };
		9A98793F2055EBAC00138AE1 /* PokerGame.swift in Sources */ = {isa = PBXBuildFile; fileRef = 9A98793E2055EBAC00138AE1 /* PokerGame.swift */; };
		9A9879412055EBB200138AE1 /* Token.swift in Sources */ = {isa = PBXBuildFile; fileRef = 9A9879402055EBB200138AE1 /* Token.swift */; };
		9AA77DBC203E4CC5003BDDC9 /* PlayerTableViewCell.swift in Sources */ = {isa = PBXBuildFile; fileRef = 9AA77DBB203E4CC5003BDDC9 /* PlayerTableViewCell.swift */; };
		9ABED681204CE06100174C33 /* Player.swift in Sources */ = {isa = PBXBuildFile; fileRef = 9ABED680204CE06100174C33 /* Player.swift */; };
/* End PBXBuildFile section */

/* Begin PBXFileReference section */
		7FBABFC367590BE64CA18C75 /* Pods-Raise.release.xcconfig */ = {isa = PBXFileReference; includeInIndex = 1; lastKnownFileType = text.xcconfig; name = "Pods-Raise.release.xcconfig"; path = "Pods/Target Support Files/Pods-Raise/Pods-Raise.release.xcconfig"; sourceTree = "<group>"; };
		9A009E5A20264A7400F0A4C6 /* Intro.storyboard */ = {isa = PBXFileReference; lastKnownFileType = file.storyboard; path = Intro.storyboard; sourceTree = "<group>"; };
		9A009E5E20264B2200F0A4C6 /* Variane Script.ttf */ = {isa = PBXFileReference; lastKnownFileType = file; path = "Variane Script.ttf"; sourceTree = "<group>"; };
		9A009E6320265E2300F0A4C6 /* Create.storyboard */ = {isa = PBXFileReference; lastKnownFileType = file.storyboard; path = Create.storyboard; sourceTree = "<group>"; };
		9A009E682026615800F0A4C6 /* Join.storyboard */ = {isa = PBXFileReference; lastKnownFileType = file.storyboard; path = Join.storyboard; sourceTree = "<group>"; };
		9A009E6A202667F700F0A4C6 /* CreateViewController.swift */ = {isa = PBXFileReference; lastKnownFileType = sourcecode.swift; path = CreateViewController.swift; sourceTree = "<group>"; };
		9A05B606202148C7006F6428 /* Raise.app */ = {isa = PBXFileReference; explicitFileType = wrapper.application; includeInIndex = 0; path = Raise.app; sourceTree = BUILT_PRODUCTS_DIR; };
		9A05B609202148C7006F6428 /* AppDelegate.swift */ = {isa = PBXFileReference; lastKnownFileType = sourcecode.swift; path = AppDelegate.swift; sourceTree = "<group>"; };
		9A05B610202148C8006F6428 /* Assets.xcassets */ = {isa = PBXFileReference; lastKnownFileType = folder.assetcatalog; path = Assets.xcassets; sourceTree = "<group>"; };
		9A05B613202148C8006F6428 /* Base */ = {isa = PBXFileReference; lastKnownFileType = file.storyboard; name = Base; path = Base.lproj/LaunchScreen.storyboard; sourceTree = "<group>"; };
		9A05B615202148C8006F6428 /* Info.plist */ = {isa = PBXFileReference; lastKnownFileType = text.plist.xml; path = Info.plist; sourceTree = "<group>"; };
		9A0C4669204E28090003E4CE /* PokerPlayerTableViewCell.swift */ = {isa = PBXFileReference; lastKnownFileType = sourcecode.swift; path = PokerPlayerTableViewCell.swift; sourceTree = "<group>"; };
		9A0C466B204E2AA10003E4CE /* CardCollectionViewCell.swift */ = {isa = PBXFileReference; lastKnownFileType = sourcecode.swift; path = CardCollectionViewCell.swift; sourceTree = "<group>"; };
		9A156E2E203B3958003EA982 /* JoinViewController.swift */ = {isa = PBXFileReference; lastKnownFileType = sourcecode.swift; path = JoinViewController.swift; sourceTree = "<group>"; };
		9A1C54102041D94500EAF4ED /* Socket.swift */ = {isa = PBXFileReference; lastKnownFileType = sourcecode.swift; path = Socket.swift; sourceTree = "<group>"; };
		9A38940E204CE63B0049DC4D /* PokerViewController.swift */ = {isa = PBXFileReference; lastKnownFileType = sourcecode.swift; path = PokerViewController.swift; sourceTree = "<group>"; };
		9A389410204CE6420049DC4D /* Poker.storyboard */ = {isa = PBXFileReference; lastKnownFileType = file.storyboard; path = Poker.storyboard; sourceTree = "<group>"; };
		9A4E9DDE203CE636006E08D2 /* CreateRequest.swift */ = {isa = PBXFileReference; lastKnownFileType = sourcecode.swift; path = CreateRequest.swift; sourceTree = "<group>"; };
		9A4E9DE0203CE76C006E08D2 /* API.swift */ = {isa = PBXFileReference; lastKnownFileType = sourcecode.swift; path = API.swift; sourceTree = "<group>"; };
		9A4E9DE3203CE99D006E08D2 /* GameResponse.swift */ = {isa = PBXFileReference; lastKnownFileType = sourcecode.swift; path = GameResponse.swift; sourceTree = "<group>"; };
		9A4E9DE5203CE9D4006E08D2 /* DeckType.swift */ = {isa = PBXFileReference; lastKnownFileType = sourcecode.swift; path = DeckType.swift; sourceTree = "<group>"; };
		9A4E9DEA203CF45D006E08D2 /* UIViewControllerExtensions.swift */ = {isa = PBXFileReference; lastKnownFileType = sourcecode.swift; path = UIViewControllerExtensions.swift; sourceTree = "<group>"; };
		9A4E9DED203CF5AF006E08D2 /* GameDetails.storyboard */ = {isa = PBXFileReference; lastKnownFileType = file.storyboard; path = GameDetails.storyboard; sourceTree = "<group>"; };
		9A4E9DEF203D011D006E08D2 /* GameDetailsViewController.swift */ = {isa = PBXFileReference; lastKnownFileType = sourcecode.swift; path = GameDetailsViewController.swift; sourceTree = "<group>"; };
		9A8016C9204CDE3A0021DAD2 /* JoinLeaveGameResponse.swift */ = {isa = PBXFileReference; lastKnownFileType = sourcecode.swift; path = JoinLeaveGameResponse.swift; sourceTree = "<group>"; };
		9A8FECAA203F8B6F007CC898 /* QRCodeScannerViewController.swift */ = {isa = PBXFileReference; lastKnownFileType = sourcecode.swift; path = QRCodeScannerViewController.swift; sourceTree = "<group>"; };
		9A8FECAC203F953C007CC898 /* StringExtensions.swift */ = {isa = PBXFileReference; lastKnownFileType = sourcecode.swift; path = StringExtensions.swift; sourceTree = "<group>"; };
		9A98793E2055EBAC00138AE1 /* PokerGame.swift */ = {isa = PBXFileReference; lastKnownFileType = sourcecode.swift; path = PokerGame.swift; sourceTree = "<group>"; };
		9A9879402055EBB200138AE1 /* Token.swift */ = {isa = PBXFileReference; lastKnownFileType = sourcecode.swift; path = Token.swift; sourceTree = "<group>"; };
		9AA77DBB203E4CC5003BDDC9 /* PlayerTableViewCell.swift */ = {isa = PBXFileReference; lastKnownFileType = sourcecode.swift; path = PlayerTableViewCell.swift; sourceTree = "<group>"; };
		9ABED680204CE06100174C33 /* Player.swift */ = {isa = PBXFileReference; lastKnownFileType = sourcecode.swift; path = Player.swift; sourceTree = "<group>"; };
		A653B240EA992B97D6E99B1E /* Pods-Raise.debug.xcconfig */ = {isa = PBXFileReference; includeInIndex = 1; lastKnownFileType = text.xcconfig; name = "Pods-Raise.debug.xcconfig"; path = "Pods/Target Support Files/Pods-Raise/Pods-Raise.debug.xcconfig"; sourceTree = "<group>"; };
		B989110197980C493A150A79 /* Pods_Raise.framework */ = {isa = PBXFileReference; explicitFileType = wrapper.framework; includeInIndex = 0; path = Pods_Raise.framework; sourceTree = BUILT_PRODUCTS_DIR; };
/* End PBXFileReference section */

/* Begin PBXFrameworksBuildPhase section */
		9A05B603202148C7006F6428 /* Frameworks */ = {
			isa = PBXFrameworksBuildPhase;
			buildActionMask = 2147483647;
			files = (
				06568F12DCDAD726BE080379 /* Pods_Raise.framework in Frameworks */,
			);
			runOnlyForDeploymentPostprocessing = 0;
		};
/* End PBXFrameworksBuildPhase section */

/* Begin PBXGroup section */
		5CEA8371DCC7B1D0AFB9174E /* Pods */ = {
			isa = PBXGroup;
			children = (
				A653B240EA992B97D6E99B1E /* Pods-Raise.debug.xcconfig */,
				7FBABFC367590BE64CA18C75 /* Pods-Raise.release.xcconfig */,
			);
			name = Pods;
			sourceTree = "<group>";
		};
		9A009E58202649D300F0A4C6 /* UI */ = {
			isa = PBXGroup;
			children = (
				9A009E6220265DF200F0A4C6 /* Create */,
				9A4E9DEC203CF59E006E08D2 /* Game Details */,
				9A009E59202649DA00F0A4C6 /* Intro */,
				9A009E672026614800F0A4C6 /* Join */,
				9A38940D204CE6120049DC4D /* Poker */,
			);
			path = UI;
			sourceTree = "<group>";
		};
		9A009E59202649DA00F0A4C6 /* Intro */ = {
			isa = PBXGroup;
			children = (
				9A009E5A20264A7400F0A4C6 /* Intro.storyboard */,
			);
			path = Intro;
			sourceTree = "<group>";
		};
		9A009E6220265DF200F0A4C6 /* Create */ = {
			isa = PBXGroup;
			children = (
				9A009E6320265E2300F0A4C6 /* Create.storyboard */,
				9A009E6A202667F700F0A4C6 /* CreateViewController.swift */,
			);
			path = Create;
			sourceTree = "<group>";
		};
		9A009E672026614800F0A4C6 /* Join */ = {
			isa = PBXGroup;
			children = (
				9A009E682026615800F0A4C6 /* Join.storyboard */,
				9A156E2E203B3958003EA982 /* JoinViewController.swift */,
				9A8FECAA203F8B6F007CC898 /* QRCodeScannerViewController.swift */,
			);
			path = Join;
			sourceTree = "<group>";
		};
		9A05B5FD202148C7006F6428 = {
			isa = PBXGroup;
			children = (
				9A05B608202148C7006F6428 /* Raise */,
				9A05B607202148C7006F6428 /* Products */,
				5CEA8371DCC7B1D0AFB9174E /* Pods */,
				9E5960909ECBCCE9E1649522 /* Frameworks */,
			);
			sourceTree = "<group>";
		};
		9A05B607202148C7006F6428 /* Products */ = {
			isa = PBXGroup;
			children = (
				9A05B606202148C7006F6428 /* Raise.app */,
			);
			name = Products;
			sourceTree = "<group>";
		};
		9A05B608202148C7006F6428 /* Raise */ = {
			isa = PBXGroup;
			children = (
				9A05B609202148C7006F6428 /* AppDelegate.swift */,
				9A4E9DDC203CE5F6006E08D2 /* Networking */,
				9A009E58202649D300F0A4C6 /* UI */,
				9A4E9DE8203CF443006E08D2 /* Utility */,
				9A8994A820214E3700D147A9 /* Supporting Files */,
			);
			path = Raise;
			sourceTree = "<group>";
		};
		9A38940D204CE6120049DC4D /* Poker */ = {
			isa = PBXGroup;
			children = (
				9A389410204CE6420049DC4D /* Poker.storyboard */,
				9A38940E204CE63B0049DC4D /* PokerViewController.swift */,
				9A0C4669204E28090003E4CE /* PokerPlayerTableViewCell.swift */,
				9A0C466B204E2AA10003E4CE /* CardCollectionViewCell.swift */,
			);
			path = Poker;
			sourceTree = "<group>";
		};
		9A4E9DDC203CE5F6006E08D2 /* Networking */ = {
			isa = PBXGroup;
			children = (
				9A4E9DE0203CE76C006E08D2 /* API.swift */,
				9A1C54102041D94500EAF4ED /* Socket.swift */,
				9A4E9DE7203CE9DF006E08D2 /* Models */,
			);
			path = Networking;
			sourceTree = "<group>";
		};
		9A4E9DDD203CE61D006E08D2 /* Requests */ = {
			isa = PBXGroup;
			children = (
				9A4E9DDE203CE636006E08D2 /* CreateRequest.swift */,
			);
			path = Requests;
			sourceTree = "<group>";
		};
		9A4E9DE2203CE8D9006E08D2 /* Responses */ = {
			isa = PBXGroup;
			children = (
				9A4E9DE3203CE99D006E08D2 /* GameResponse.swift */,
				9A8016C9204CDE3A0021DAD2 /* JoinLeaveGameResponse.swift */,
			);
			path = Responses;
			sourceTree = "<group>";
		};
		9A4E9DE7203CE9DF006E08D2 /* Models */ = {
			isa = PBXGroup;
			children = (
				9A4E9DE5203CE9D4006E08D2 /* DeckType.swift */,
				9ABED680204CE06100174C33 /* Player.swift */,
				9A98793E2055EBAC00138AE1 /* PokerGame.swift */,
				9A9879402055EBB200138AE1 /* Token.swift */,
				9A4E9DDD203CE61D006E08D2 /* Requests */,
				9A4E9DE2203CE8D9006E08D2 /* Responses */,
			);
			path = Models;
			sourceTree = "<group>";
		};
		9A4E9DE8203CF443006E08D2 /* Utility */ = {
			isa = PBXGroup;
			children = (
				9A4E9DE9203CF44F006E08D2 /* Extensions */,
			);
			path = Utility;
			sourceTree = "<group>";
		};
		9A4E9DE9203CF44F006E08D2 /* Extensions */ = {
			isa = PBXGroup;
			children = (
				9A8FECAC203F953C007CC898 /* StringExtensions.swift */,
				9A4E9DEA203CF45D006E08D2 /* UIViewControllerExtensions.swift */,
			);
			path = Extensions;
			sourceTree = "<group>";
		};
		9A4E9DEC203CF59E006E08D2 /* Game Details */ = {
			isa = PBXGroup;
			children = (
				9A4E9DED203CF5AF006E08D2 /* GameDetails.storyboard */,
				9A4E9DEF203D011D006E08D2 /* GameDetailsViewController.swift */,
				9AA77DBB203E4CC5003BDDC9 /* PlayerTableViewCell.swift */,
			);
			path = "Game Details";
			sourceTree = "<group>";
		};
		9A8994A820214E3700D147A9 /* Supporting Files */ = {
			isa = PBXGroup;
			children = (
				9A009E5E20264B2200F0A4C6 /* Variane Script.ttf */,
				9A05B615202148C8006F6428 /* Info.plist */,
				9A05B610202148C8006F6428 /* Assets.xcassets */,
				9A05B612202148C8006F6428 /* LaunchScreen.storyboard */,
			);
			path = "Supporting Files";
			sourceTree = "<group>";
		};
		9E5960909ECBCCE9E1649522 /* Frameworks */ = {
			isa = PBXGroup;
			children = (
				B989110197980C493A150A79 /* Pods_Raise.framework */,
			);
			name = Frameworks;
			sourceTree = "<group>";
		};
/* End PBXGroup section */

/* Begin PBXNativeTarget section */
		9A05B605202148C7006F6428 /* Raise */ = {
			isa = PBXNativeTarget;
			buildConfigurationList = 9A05B618202148C8006F6428 /* Build configuration list for PBXNativeTarget "Raise" */;
			buildPhases = (
				F8DE5A07043ECA5C1BA4D56D /* [CP] Check Pods Manifest.lock */,
				9A05B602202148C7006F6428 /* Sources */,
				9A05B603202148C7006F6428 /* Frameworks */,
				9A05B604202148C7006F6428 /* Resources */,
				8E8281B2D55A6A978AB8EB56 /* [CP] Embed Pods Frameworks */,
				5F7069240844B67549DA3632 /* [CP] Copy Pods Resources */,
			);
			buildRules = (
			);
			dependencies = (
			);
			name = Raise;
			productName = Raise;
			productReference = 9A05B606202148C7006F6428 /* Raise.app */;
			productType = "com.apple.product-type.application";
		};
/* End PBXNativeTarget section */

/* Begin PBXProject section */
		9A05B5FE202148C7006F6428 /* Project object */ = {
			isa = PBXProject;
			attributes = {
				LastSwiftUpdateCheck = 0920;
				LastUpgradeCheck = 0920;
				ORGANIZATIONNAME = "Raise Software";
				TargetAttributes = {
					9A05B605202148C7006F6428 = {
						CreatedOnToolsVersion = 9.2;
						ProvisioningStyle = Automatic;
					};
				};
			};
			buildConfigurationList = 9A05B601202148C7006F6428 /* Build configuration list for PBXProject "Raise" */;
			compatibilityVersion = "Xcode 8.0";
			developmentRegion = en;
			hasScannedForEncodings = 0;
			knownRegions = (
				en,
				Base,
			);
			mainGroup = 9A05B5FD202148C7006F6428;
			productRefGroup = 9A05B607202148C7006F6428 /* Products */;
			projectDirPath = "";
			projectRoot = "";
			targets = (
				9A05B605202148C7006F6428 /* Raise */,
			);
		};
/* End PBXProject section */

/* Begin PBXResourcesBuildPhase section */
		9A05B604202148C7006F6428 /* Resources */ = {
			isa = PBXResourcesBuildPhase;
			buildActionMask = 2147483647;
			files = (
				9A389411204CE6420049DC4D /* Poker.storyboard in Resources */,
				9A009E692026615800F0A4C6 /* Join.storyboard in Resources */,
				9A009E6420265E2300F0A4C6 /* Create.storyboard in Resources */,
				9A05B614202148C8006F6428 /* LaunchScreen.storyboard in Resources */,
				9A4E9DEE203CF5AF006E08D2 /* GameDetails.storyboard in Resources */,
				9A009E5F20264B2200F0A4C6 /* Variane Script.ttf in Resources */,
				9A05B611202148C8006F6428 /* Assets.xcassets in Resources */,
				9A009E5B20264A7400F0A4C6 /* Intro.storyboard in Resources */,
			);
			runOnlyForDeploymentPostprocessing = 0;
		};
/* End PBXResourcesBuildPhase section */

/* Begin PBXShellScriptBuildPhase section */
		5F7069240844B67549DA3632 /* [CP] Copy Pods Resources */ = {
			isa = PBXShellScriptBuildPhase;
			buildActionMask = 2147483647;
			files = (
			);
			inputPaths = (
				"${SRCROOT}/Pods/Target Support Files/Pods-Raise/Pods-Raise-resources.sh",
				"${PODS_CONFIGURATION_BUILD_DIR}/AppCenter/AppCenterDistributeResources.bundle",
			);
			name = "[CP] Copy Pods Resources";
			outputPaths = (
				"${TARGET_BUILD_DIR}/${UNLOCALIZED_RESOURCES_FOLDER_PATH}/AppCenterDistributeResources.bundle",
			);
			runOnlyForDeploymentPostprocessing = 0;
			shellPath = /bin/sh;
			shellScript = "\"${SRCROOT}/Pods/Target Support Files/Pods-Raise/Pods-Raise-resources.sh\"\n";
			showEnvVarsInLog = 0;
		};
		8E8281B2D55A6A978AB8EB56 /* [CP] Embed Pods Frameworks */ = {
			isa = PBXShellScriptBuildPhase;
			buildActionMask = 2147483647;
			files = (
			);
			inputPaths = (
				"${SRCROOT}/Pods/Target Support Files/Pods-Raise/Pods-Raise-frameworks.sh",
				"${BUILT_PRODUCTS_DIR}/IQKeyboardManagerSwift/IQKeyboardManagerSwift.framework",
				"${BUILT_PRODUCTS_DIR}/SVProgressHUD/SVProgressHUD.framework",
				"${BUILT_PRODUCTS_DIR}/Socket.IO-Client-Swift/SocketIO.framework",
				"${BUILT_PRODUCTS_DIR}/Starscream/Starscream.framework",
			);
			name = "[CP] Embed Pods Frameworks";
			outputPaths = (
				"${TARGET_BUILD_DIR}/${FRAMEWORKS_FOLDER_PATH}/IQKeyboardManagerSwift.framework",
				"${TARGET_BUILD_DIR}/${FRAMEWORKS_FOLDER_PATH}/SVProgressHUD.framework",
				"${TARGET_BUILD_DIR}/${FRAMEWORKS_FOLDER_PATH}/SocketIO.framework",
				"${TARGET_BUILD_DIR}/${FRAMEWORKS_FOLDER_PATH}/Starscream.framework",
			);
			runOnlyForDeploymentPostprocessing = 0;
			shellPath = /bin/sh;
			shellScript = "\"${SRCROOT}/Pods/Target Support Files/Pods-Raise/Pods-Raise-frameworks.sh\"\n";
			showEnvVarsInLog = 0;
		};
		F8DE5A07043ECA5C1BA4D56D /* [CP] Check Pods Manifest.lock */ = {
			isa = PBXShellScriptBuildPhase;
			buildActionMask = 2147483647;
			files = (
			);
			inputPaths = (
				"${PODS_PODFILE_DIR_PATH}/Podfile.lock",
				"${PODS_ROOT}/Manifest.lock",
			);
			name = "[CP] Check Pods Manifest.lock";
			outputPaths = (
				"$(DERIVED_FILE_DIR)/Pods-Raise-checkManifestLockResult.txt",
			);
			runOnlyForDeploymentPostprocessing = 0;
			shellPath = /bin/sh;
			shellScript = "diff \"${PODS_PODFILE_DIR_PATH}/Podfile.lock\" \"${PODS_ROOT}/Manifest.lock\" > /dev/null\nif [ $? != 0 ] ; then\n    # print error to STDERR\n    echo \"error: The sandbox is not in sync with the Podfile.lock. Run 'pod install' or update your CocoaPods installation.\" >&2\n    exit 1\nfi\n# This output is used by Xcode 'outputs' to avoid re-running this script phase.\necho \"SUCCESS\" > \"${SCRIPT_OUTPUT_FILE_0}\"\n";
			showEnvVarsInLog = 0;
		};
/* End PBXShellScriptBuildPhase section */

/* Begin PBXSourcesBuildPhase section */
		9A05B602202148C7006F6428 /* Sources */ = {
			isa = PBXSourcesBuildPhase;
			buildActionMask = 2147483647;
			files = (
				9A8FECAD203F953C007CC898 /* StringExtensions.swift in Sources */,
				9A4E9DEB203CF45D006E08D2 /* UIViewControllerExtensions.swift in Sources */,
				9A4E9DF0203D011D006E08D2 /* GameDetailsViewController.swift in Sources */,
				9AA77DBC203E4CC5003BDDC9 /* PlayerTableViewCell.swift in Sources */,
				9A38940F204CE63B0049DC4D /* PokerViewController.swift in Sources */,
				9A8016CA204CDE3A0021DAD2 /* JoinLeaveGameResponse.swift in Sources */,
				9A009E6B202667F700F0A4C6 /* CreateViewController.swift in Sources */,
				9A0C466A204E28090003E4CE /* PokerPlayerTableViewCell.swift in Sources */,
				9A156E2F203B3958003EA982 /* JoinViewController.swift in Sources */,
				9A4E9DE4203CE99D006E08D2 /* GameResponse.swift in Sources */,
				9A1C54112041D94500EAF4ED /* Socket.swift in Sources */,
				9A9879412055EBB200138AE1 /* Token.swift in Sources */,
				9A8FECAB203F8B6F007CC898 /* QRCodeScannerViewController.swift in Sources */,
				9A05B60A202148C7006F6428 /* AppDelegate.swift in Sources */,
				9A4E9DDF203CE636006E08D2 /* CreateRequest.swift in Sources */,
				9A4E9DE1203CE76C006E08D2 /* API.swift in Sources */,
				9A98793F2055EBAC00138AE1 /* PokerGame.swift in Sources */,
				9ABED681204CE06100174C33 /* Player.swift in Sources */,
				9A0C466C204E2AA10003E4CE /* CardCollectionViewCell.swift in Sources */,
				9A4E9DE6203CE9D4006E08D2 /* DeckType.swift in Sources */,
			);
			runOnlyForDeploymentPostprocessing = 0;
		};
/* End PBXSourcesBuildPhase section */

/* Begin PBXVariantGroup section */
		9A05B612202148C8006F6428 /* LaunchScreen.storyboard */ = {
			isa = PBXVariantGroup;
			children = (
				9A05B613202148C8006F6428 /* Base */,
			);
			name = LaunchScreen.storyboard;
			sourceTree = "<group>";
		};
/* End PBXVariantGroup section */

/* Begin XCBuildConfiguration section */
		9A05B616202148C8006F6428 /* Debug */ = {
			isa = XCBuildConfiguration;
			buildSettings = {
				ALWAYS_SEARCH_USER_PATHS = NO;
				CLANG_ANALYZER_NONNULL = YES;
				CLANG_ANALYZER_NUMBER_OBJECT_CONVERSION = YES_AGGRESSIVE;
				CLANG_CXX_LANGUAGE_STANDARD = "gnu++14";
				CLANG_CXX_LIBRARY = "libc++";
				CLANG_ENABLE_MODULES = YES;
				CLANG_ENABLE_OBJC_ARC = YES;
				CLANG_WARN_BLOCK_CAPTURE_AUTORELEASING = YES;
				CLANG_WARN_BOOL_CONVERSION = YES;
				CLANG_WARN_COMMA = YES;
				CLANG_WARN_CONSTANT_CONVERSION = YES;
				CLANG_WARN_DIRECT_OBJC_ISA_USAGE = YES_ERROR;
				CLANG_WARN_DOCUMENTATION_COMMENTS = YES;
				CLANG_WARN_EMPTY_BODY = YES;
				CLANG_WARN_ENUM_CONVERSION = YES;
				CLANG_WARN_INFINITE_RECURSION = YES;
				CLANG_WARN_INT_CONVERSION = YES;
				CLANG_WARN_NON_LITERAL_NULL_CONVERSION = YES;
				CLANG_WARN_OBJC_LITERAL_CONVERSION = YES;
				CLANG_WARN_OBJC_ROOT_CLASS = YES_ERROR;
				CLANG_WARN_RANGE_LOOP_ANALYSIS = YES;
				CLANG_WARN_STRICT_PROTOTYPES = YES;
				CLANG_WARN_SUSPICIOUS_MOVE = YES;
				CLANG_WARN_UNGUARDED_AVAILABILITY = YES_AGGRESSIVE;
				CLANG_WARN_UNREACHABLE_CODE = YES;
				CLANG_WARN__DUPLICATE_METHOD_MATCH = YES;
				CODE_SIGN_IDENTITY = "iPhone Developer";
				COPY_PHASE_STRIP = NO;
				DEBUG_INFORMATION_FORMAT = dwarf;
				ENABLE_STRICT_OBJC_MSGSEND = YES;
				ENABLE_TESTABILITY = YES;
				GCC_C_LANGUAGE_STANDARD = gnu11;
				GCC_DYNAMIC_NO_PIC = NO;
				GCC_NO_COMMON_BLOCKS = YES;
				GCC_OPTIMIZATION_LEVEL = 0;
				GCC_PREPROCESSOR_DEFINITIONS = (
					"DEBUG=1",
					"$(inherited)",
				);
				GCC_WARN_64_TO_32_BIT_CONVERSION = YES;
				GCC_WARN_ABOUT_RETURN_TYPE = YES_ERROR;
				GCC_WARN_UNDECLARED_SELECTOR = YES;
				GCC_WARN_UNINITIALIZED_AUTOS = YES_AGGRESSIVE;
				GCC_WARN_UNUSED_FUNCTION = YES;
				GCC_WARN_UNUSED_VARIABLE = YES;
				IPHONEOS_DEPLOYMENT_TARGET = 10.0;
				MTL_ENABLE_DEBUG_INFO = YES;
				ONLY_ACTIVE_ARCH = YES;
				SDKROOT = iphoneos;
				SWIFT_ACTIVE_COMPILATION_CONDITIONS = DEBUG;
				SWIFT_OPTIMIZATION_LEVEL = "-Onone";
			};
			name = Debug;
		};
		9A05B617202148C8006F6428 /* Release */ = {
			isa = XCBuildConfiguration;
			buildSettings = {
				ALWAYS_SEARCH_USER_PATHS = NO;
				CLANG_ANALYZER_NONNULL = YES;
				CLANG_ANALYZER_NUMBER_OBJECT_CONVERSION = YES_AGGRESSIVE;
				CLANG_CXX_LANGUAGE_STANDARD = "gnu++14";
				CLANG_CXX_LIBRARY = "libc++";
				CLANG_ENABLE_MODULES = YES;
				CLANG_ENABLE_OBJC_ARC = YES;
				CLANG_WARN_BLOCK_CAPTURE_AUTORELEASING = YES;
				CLANG_WARN_BOOL_CONVERSION = YES;
				CLANG_WARN_COMMA = YES;
				CLANG_WARN_CONSTANT_CONVERSION = YES;
				CLANG_WARN_DIRECT_OBJC_ISA_USAGE = YES_ERROR;
				CLANG_WARN_DOCUMENTATION_COMMENTS = YES;
				CLANG_WARN_EMPTY_BODY = YES;
				CLANG_WARN_ENUM_CONVERSION = YES;
				CLANG_WARN_INFINITE_RECURSION = YES;
				CLANG_WARN_INT_CONVERSION = YES;
				CLANG_WARN_NON_LITERAL_NULL_CONVERSION = YES;
				CLANG_WARN_OBJC_LITERAL_CONVERSION = YES;
				CLANG_WARN_OBJC_ROOT_CLASS = YES_ERROR;
				CLANG_WARN_RANGE_LOOP_ANALYSIS = YES;
				CLANG_WARN_STRICT_PROTOTYPES = YES;
				CLANG_WARN_SUSPICIOUS_MOVE = YES;
				CLANG_WARN_UNGUARDED_AVAILABILITY = YES_AGGRESSIVE;
				CLANG_WARN_UNREACHABLE_CODE = YES;
				CLANG_WARN__DUPLICATE_METHOD_MATCH = YES;
				CODE_SIGN_IDENTITY = "iPhone Developer";
				COPY_PHASE_STRIP = NO;
				DEBUG_INFORMATION_FORMAT = "dwarf-with-dsym";
				ENABLE_NS_ASSERTIONS = NO;
				ENABLE_STRICT_OBJC_MSGSEND = YES;
				GCC_C_LANGUAGE_STANDARD = gnu11;
				GCC_NO_COMMON_BLOCKS = YES;
				GCC_WARN_64_TO_32_BIT_CONVERSION = YES;
				GCC_WARN_ABOUT_RETURN_TYPE = YES_ERROR;
				GCC_WARN_UNDECLARED_SELECTOR = YES;
				GCC_WARN_UNINITIALIZED_AUTOS = YES_AGGRESSIVE;
				GCC_WARN_UNUSED_FUNCTION = YES;
				GCC_WARN_UNUSED_VARIABLE = YES;
				IPHONEOS_DEPLOYMENT_TARGET = 10.0;
				MTL_ENABLE_DEBUG_INFO = NO;
				SDKROOT = iphoneos;
				SWIFT_OPTIMIZATION_LEVEL = "-Owholemodule";
				VALIDATE_PRODUCT = YES;
			};
			name = Release;
		};
		9A05B619202148C8006F6428 /* Debug */ = {
			isa = XCBuildConfiguration;
			baseConfigurationReference = A653B240EA992B97D6E99B1E /* Pods-Raise.debug.xcconfig */;
			buildSettings = {
				ASSETCATALOG_COMPILER_APPICON_NAME = AppIcon;
				"CODE_SIGN_IDENTITY[sdk=iphoneos*]" = "iPhone Developer";
				CODE_SIGN_STYLE = Automatic;
				DEVELOPMENT_TEAM = C75928FBL3;
				INFOPLIST_FILE = "$(SRCROOT)/Raise/Supporting Files/Info.plist";
				LD_RUNPATH_SEARCH_PATHS = "$(inherited) @executable_path/Frameworks";
				PRODUCT_BUNDLE_IDENTIFIER = com.raisesoftware.raise;
				PRODUCT_NAME = "$(TARGET_NAME)";
				PROVISIONING_PROFILE = "";
				PROVISIONING_PROFILE_SPECIFIER = "";
				SWIFT_VERSION = 4.0;
				TARGETED_DEVICE_FAMILY = 1;
			};
			name = Debug;
		};
		9A05B61A202148C8006F6428 /* Release */ = {
			isa = XCBuildConfiguration;
			baseConfigurationReference = 7FBABFC367590BE64CA18C75 /* Pods-Raise.release.xcconfig */;
			buildSettings = {
				ASSETCATALOG_COMPILER_APPICON_NAME = AppIcon;
				"CODE_SIGN_IDENTITY[sdk=iphoneos*]" = "iPhone Developer";
				CODE_SIGN_STYLE = Automatic;
				DEVELOPMENT_TEAM = C75928FBL3;
				INFOPLIST_FILE = "$(SRCROOT)/Raise/Supporting Files/Info.plist";
				LD_RUNPATH_SEARCH_PATHS = "$(inherited) @executable_path/Frameworks";
				PRODUCT_BUNDLE_IDENTIFIER = com.raisesoftware.raise;
				PRODUCT_NAME = "$(TARGET_NAME)";
				PROVISIONING_PROFILE = "";
				PROVISIONING_PROFILE_SPECIFIER = "";
				SWIFT_VERSION = 4.0;
				TARGETED_DEVICE_FAMILY = 1;
			};
			name = Release;
		};
/* End XCBuildConfiguration section */

/* Begin XCConfigurationList section */
		9A05B601202148C7006F6428 /* Build configuration list for PBXProject "Raise" */ = {
			isa = XCConfigurationList;
			buildConfigurations = (
				9A05B616202148C8006F6428 /* Debug */,
				9A05B617202148C8006F6428 /* Release */,
			);
			defaultConfigurationIsVisible = 0;
			defaultConfigurationName = Release;
		};
		9A05B618202148C8006F6428 /* Build configuration list for PBXNativeTarget "Raise" */ = {
			isa = XCConfigurationList;
			buildConfigurations = (
				9A05B619202148C8006F6428 /* Debug */,
				9A05B61A202148C8006F6428 /* Release */,
			);
			defaultConfigurationIsVisible = 0;
			defaultConfigurationName = Release;
		};
/* End XCConfigurationList section */
	};
	rootObject = 9A05B5FE202148C7006F6428 /* Project object */;
}
